
Microsoft Visual Studio Solution File, Format Version 12.00
# Visual Studio Version 17
VisualStudioVersion = 17.0.31903.59
MinimumVisualStudioVersion = 10.0.40219.1
Project("{FAE04EC0-301F-11D3-BF4B-00C04F79EFBC}") = "Markt.Api", "Markt.Api\Markt.Api.csproj", "{A905F36C-F940-4BCF-90FC-C3BC755CB34A}"
EndProject
Project("{FAE04EC0-301F-11D3-BF4B-00C04F79EFBC}") = "Markt.Domain", "Markt.Domain\Markt.Domain.csproj", "{A8A83381-150C-4541-A5E9-BEE6027206A4}"
EndProject
Project("{FAE04EC0-301F-11D3-BF4B-00C04F79EFBC}") = "Markt.Data", "Markt.Data\Markt.Data.csproj", "{B952A44D-0CEA-4EED-BB62-1AFA69CC71E3}"
EndProject
Global
	GlobalSection(SolutionConfigurationPlatforms) = preSolution
		Debug|Any CPU = Debug|Any CPU
		Release|Any CPU = Release|Any CPU
	EndGlobalSection
	GlobalSection(SolutionProperties) = preSolution
		HideSolutionNode = FALSE
	EndGlobalSection
	GlobalSection(ProjectConfigurationPlatforms) = postSolution
		{A905F36C-F940-4BCF-90FC-C3BC755CB34A}.Debug|Any CPU.ActiveCfg = Debug|Any CPU
		{A905F36C-F940-4BCF-90FC-C3BC755CB34A}.Debug|Any CPU.Build.0 = Debug|Any CPU
		{A905F36C-F940-4BCF-90FC-C3BC755CB34A}.Release|Any CPU.ActiveCfg = Release|Any CPU
		{A905F36C-F940-4BCF-90FC-C3BC755CB34A}.Release|Any CPU.Build.0 = Release|Any CPU
		{A8A83381-150C-4541-A5E9-BEE6027206A4}.Debug|Any CPU.ActiveCfg = Debug|Any CPU
		{A8A83381-150C-4541-A5E9-BEE6027206A4}.Debug|Any CPU.Build.0 = Debug|Any CPU
		{A8A83381-150C-4541-A5E9-BEE6027206A4}.Release|Any CPU.ActiveCfg = Release|Any CPU
		{A8A83381-150C-4541-A5E9-BEE6027206A4}.Release|Any CPU.Build.0 = Release|Any CPU
		{B952A44D-0CEA-4EED-BB62-1AFA69CC71E3}.Debug|Any CPU.ActiveCfg = Debug|Any CPU
		{B952A44D-0CEA-4EED-BB62-1AFA69CC71E3}.Debug|Any CPU.Build.0 = Debug|Any CPU
		{B952A44D-0CEA-4EED-BB62-1AFA69CC71E3}.Release|Any CPU.ActiveCfg = Release|Any CPU
		{B952A44D-0CEA-4EED-BB62-1AFA69CC71E3}.Release|Any CPU.Build.0 = Release|Any CPU
	EndGlobalSection
EndGlobal
